
Microsoft Visual Studio Solution File, Format Version 12.00
# Visual Studio Version 16
VisualStudioVersion = 16.0.30104.148
MinimumVisualStudioVersion = 10.0.40219.1
Project("{FAE04EC0-301F-11D3-BF4B-00C04F79EFBC}") = "DE2_CHUNGKHOAN", "DE2_CHUNGKHOAN\DE2_CHUNGKHOAN.csproj", "{7C351A83-AF0A-4E40-B361-488E8E11E682}"
EndProject
Global
	GlobalSection(SolutionConfigurationPlatforms) = preSolution
		Debug|Any CPU = Debug|Any CPU
		Release|Any CPU = Release|Any CPU
	EndGlobalSection
	GlobalSection(ProjectConfigurationPlatforms) = postSolution
		{7C351A83-AF0A-4E40-B361-488E8E11E682}.Debug|Any CPU.ActiveCfg = Debug|Any CPU
		{7C351A83-AF0A-4E40-B361-488E8E11E682}.Debug|Any CPU.Build.0 = Debug|Any CPU
		{7C351A83-AF0A-4E40-B361-488E8E11E682}.Release|Any CPU.ActiveCfg = Release|Any CPU
		{7C351A83-AF0A-4E40-B361-488E8E11E682}.Release|Any CPU.Build.0 = Release|Any CPU
	EndGlobalSection
	GlobalSection(SolutionProperties) = preSolution
		HideSolutionNode = FALSE
	EndGlobalSection
	GlobalSection(ExtensibilityGlobals) = postSolution
		SolutionGuid = {D794305E-2115-420C-A5BC-ED9C2EC641D6}
	EndGlobalSection
EndGlobal
